// !$*UTF8*$!
{
	archiveVersion = 1;
	classes = {
	};
	objectVersion = 77;
	objects = {

/* Begin PBXBuildFile section */
		940F96052F990B8100935B9D /* AppDelegate.swift in Sources */ = {isa = PBXBuildFile; fileRef = 940F96042F990B8100935B9D /* AppDelegate.swift */; };
		940F96072F990B8100935B9D /* SceneDelegate.swift in Sources */ = {isa = PBXBuildFile; fileRef = 940F96062F990B8100935B9D /* SceneDelegate.swift */; };
		940F960A2F990B8100935B9D /* LaunchScreen.storyboard in Resources */ = {isa = PBXBuildFile; fileRef = 940F96082F990B8100935B9D /* LaunchScreen.storyboard */; };
		940F960D2F990B8100935B9D /* Main.storyboard in Resources */ = {isa = PBXBuildFile; fileRef = 940F960B2F990B8100935B9D /* Main.storyboard */; };
		940F96162F990B8100935B9D /* AppDelegate.swift in Sources */ = {isa = PBXBuildFile; fileRef = 940F96152F990B8100935B9D /* AppDelegate.swift */; };
		940F96192F990B8100935B9D /* Main.storyboard in Resources */ = {isa = PBXBuildFile; fileRef = 940F96172F990B8100935B9D /* Main.storyboard */; };
		940F96202F990B8100935B9D /* ColorBlind Filter Extension.appex in Embed Foundation Extensions */ = {isa = PBXBuildFile; fileRef = 940F961F2F990B8100935B9D /* ColorBlind Filter Extension.appex */; settings = {ATTRIBUTES = (RemoveHeadersOnCopy, ); }; };
		940F962A2F990B8100935B9D /* ColorBlind Filter Extension.appex in Embed Foundation Extensions */ = {isa = PBXBuildFile; fileRef = 940F96292F990B8100935B9D /* ColorBlind Filter Extension.appex */; settings = {ATTRIBUTES = (RemoveHeadersOnCopy, ); }; };
		940F962F2F990B8100935B9D /* Main.html in Resources */ = {isa = PBXBuildFile; fileRef = 940F95F42F990B8000935B9D /* Main.html */; };
		940F96302F990B8100935B9D /* Main.html in Resources */ = {isa = PBXBuildFile; fileRef = 940F95F42F990B8000935B9D /* Main.html */; };
		940F96312F990B8100935B9D /* Icon.png in Resources */ = {isa = PBXBuildFile; fileRef = 940F95F62F990B8000935B9D /* Icon.png */; };
		940F96322F990B8100935B9D /* Icon.png in Resources */ = {isa = PBXBuildFile; fileRef = 940F95F62F990B8000935B9D /* Icon.png */; };
		940F96332F990B8100935B9D /* Style.css in Resources */ = {isa = PBXBuildFile; fileRef = 940F95F72F990B8000935B9D /* Style.css */; };
		940F96342F990B8100935B9D /* Style.css in Resources */ = {isa = PBXBuildFile; fileRef = 940F95F72F990B8000935B9D /* Style.css */; };
		940F96352F990B8100935B9D /* Script.js in Resources */ = {isa = PBXBuildFile; fileRef = 940F95F82F990B8000935B9D /* Script.js */; };
		940F96362F990B8100935B9D /* Script.js in Resources */ = {isa = PBXBuildFile; fileRef = 940F95F82F990B8000935B9D /* Script.js */; };
		940F96372F990B8100935B9D /* ViewController.swift in Sources */ = {isa = PBXBuildFile; fileRef = 940F95F92F990B8000935B9D /* ViewController.swift */; };
		940F96382F990B8100935B9D /* ViewController.swift in Sources */ = {isa = PBXBuildFile; fileRef = 940F95F92F990B8000935B9D /* ViewController.swift */; };
		940F96392F990B8100935B9D /* Assets.xcassets in Resources */ = {isa = PBXBuildFile; fileRef = 940F95FA2F990B8100935B9D /* Assets.xcassets */; };
		940F963A2F990B8100935B9D /* Assets.xcassets in Resources */ = {isa = PBXBuildFile; fileRef = 940F95FA2F990B8100935B9D /* Assets.xcassets */; };
		940F963B2F990B8100935B9D /* SafariWebExtensionHandler.swift in Sources */ = {isa = PBXBuildFile; fileRef = 940F95FC2F990B8100935B9D /* SafariWebExtensionHandler.swift */; };
		940F963C2F990B8100935B9D /* SafariWebExtensionHandler.swift in Sources */ = {isa = PBXBuildFile; fileRef = 940F95FC2F990B8100935B9D /* SafariWebExtensionHandler.swift */; };
		940F96542F990B8200935B9D /* popup.js in Resources */ = {isa = PBXBuildFile; fileRef = 940F964E2F990B8200935B9D /* popup.js */; };
		940F96552F990B8200935B9D /* privacy-policy.html in Resources */ = {isa = PBXBuildFile; fileRef = 940F964F2F990B8200935B9D /* privacy-policy.html */; };
		940F96562F990B8200935B9D /* popup.html in Resources */ = {isa = PBXBuildFile; fileRef = 940F96502F990B8200935B9D /* popup.html */; };
		940F96572F990B8200935B9D /* icons in Resources */ = {isa = PBXBuildFile; fileRef = 940F96512F990B8200935B9D /* icons */; };
		940F96582F990B8200935B9D /* manifest.json in Resources */ = {isa = PBXBuildFile; fileRef = 940F96522F990B8200935B9D /* manifest.json */; };
		940F96592F990B8200935B9D /* content.js in Resources */ = {isa = PBXBuildFile; fileRef = 940F96532F990B8200935B9D /* content.js */; };
		940F965A2F990B8200935B9D /* popup.js in Resources */ = {isa = PBXBuildFile; fileRef = 940F964E2F990B8200935B9D /* popup.js */; };
		940F965B2F990B8200935B9D /* privacy-policy.html in Resources */ = {isa = PBXBuildFile; fileRef = 940F964F2F990B8200935B9D /* privacy-policy.html */; };
		940F965C2F990B8200935B9D /* popup.html in Resources */ = {isa = PBXBuildFile; fileRef = 940F96502F990B8200935B9D /* popup.html */; };
		940F965D2F990B8200935B9D /* icons in Resources */ = {isa = PBXBuildFile; fileRef = 940F96512F990B8200935B9D /* icons */; };
		940F965E2F990B8200935B9D /* manifest.json in Resources */ = {isa = PBXBuildFile; fileRef = 940F96522F990B8200935B9D /* manifest.json */; };
		940F965F2F990B8200935B9D /* content.js in Resources */ = {isa = PBXBuildFile; fileRef = 940F96532F990B8200935B9D /* content.js */; };
/* End PBXBuildFile section */

/* Begin PBXContainerItemProxy section */
		940F96212F990B8100935B9D /* PBXContainerItemProxy */ = {
			isa = PBXContainerItemProxy;
			containerPortal = 940F95EE2F990B7F00935B9D /* Project object */;
			proxyType = 1;
			remoteGlobalIDString = 940F961E2F990B8100935B9D;
			remoteInfo = "ColorBlind Filter Extension (iOS)";
		};
		940F962B2F990B8100935B9D /* PBXContainerItemProxy */ = {
			isa = PBXContainerItemProxy;
			containerPortal = 940F95EE2F990B7F00935B9D /* Project object */;
			proxyType = 1;
			remoteGlobalIDString = 940F96282F990B8100935B9D;
			remoteInfo = "ColorBlind Filter Extension (macOS)";
		};
/* End PBXContainerItemProxy section */

/* Begin PBXCopyFilesBuildPhase section */
		940F96422F990B8100935B9D /* Embed Foundation Extensions */ = {
			isa = PBXCopyFilesBuildPhase;
			buildActionMask = 2147483647;
			dstPath = "";
			dstSubfolderSpec = 13;
			files = (
				940F96202F990B8100935B9D /* ColorBlind Filter Extension.appex in Embed Foundation Extensions */,
			);
			name = "Embed Foundation Extensions";
			runOnlyForDeploymentPostprocessing = 0;
		};
		940F96492F990B8100935B9D /* Embed Foundation Extensions */ = {
			isa = PBXCopyFilesBuildPhase;
			buildActionMask = 2147483647;
			dstPath = "";
			dstSubfolderSpec = 13;
			files = (
				940F962A2F990B8100935B9D /* ColorBlind Filter Extension.appex in Embed Foundation Extensions */,
			);
			name = "Embed Foundation Extensions";
			runOnlyForDeploymentPostprocessing = 0;
		};
/* End PBXCopyFilesBuildPhase section */

/* Begin PBXFileReference section */
		940F95F52F990B8000935B9D /* Base */ = {isa = PBXFileReference; lastKnownFileType = text.html; name = Base; path = Base.lproj/Main.html; sourceTree = "<group>"; };
		940F95F62F990B8000935B9D /* Icon.png */ = {isa = PBXFileReference; lastKnownFileType = image.png; path = Icon.png; sourceTree = "<group>"; };
		940F95F72F990B8000935B9D /* Style.css */ = {isa = PBXFileReference; lastKnownFileType = text.css; path = Style.css; sourceTree = "<group>"; };
		940F95F82F990B8000935B9D /* Script.js */ = {isa = PBXFileReference; lastKnownFileType = sourcecode.javascript; path = Script.js; sourceTree = "<group>"; };
		940F95F92F990B8000935B9D /* ViewController.swift */ = {isa = PBXFileReference; lastKnownFileType = sourcecode.swift; path = ViewController.swift; sourceTree = "<group>"; };
		940F95FA2F990B8100935B9D /* Assets.xcassets */ = {isa = PBXFileReference; lastKnownFileType = folder.assetcatalog; path = Assets.xcassets; sourceTree = "<group>"; };
		940F95FC2F990B8100935B9D /* SafariWebExtensionHandler.swift */ = {isa = PBXFileReference; lastKnownFileType = sourcecode.swift; path = SafariWebExtensionHandler.swift; sourceTree = "<group>"; };
		940F96012F990B8100935B9D /* ColorBlind Filter.app */ = {isa = PBXFileReference; explicitFileType = wrapper.application; includeInIndex = 0; path = "ColorBlind Filter.app"; sourceTree = BUILT_PRODUCTS_DIR; };
		940F96042F990B8100935B9D /* AppDelegate.swift */ = {isa = PBXFileReference; lastKnownFileType = sourcecode.swift; path = AppDelegate.swift; sourceTree = "<group>"; };
		940F96062F990B8100935B9D /* SceneDelegate.swift */ = {isa = PBXFileReference; lastKnownFileType = sourcecode.swift; path = SceneDelegate.swift; sourceTree = "<group>"; };
		940F96092F990B8100935B9D /* Base */ = {isa = PBXFileReference; lastKnownFileType = file.storyboard; name = Base; path = Base.lproj/LaunchScreen.storyboard; sourceTree = "<group>"; };
		940F960C2F990B8100935B9D /* Base */ = {isa = PBXFileReference; lastKnownFileType = file.storyboard; name = Base; path = Base.lproj/Main.storyboard; sourceTree = "<group>"; };
		940F960E2F990B8100935B9D /* Info.plist */ = {isa = PBXFileReference; lastKnownFileType = text.plist.xml; path = Info.plist; sourceTree = "<group>"; };
		940F96132F990B8100935B9D /* ColorBlind Filter.app */ = {isa = PBXFileReference; explicitFileType = wrapper.application; includeInIndex = 0; path = "ColorBlind Filter.app"; sourceTree = BUILT_PRODUCTS_DIR; };
		940F96152F990B8100935B9D /* AppDelegate.swift */ = {isa = PBXFileReference; lastKnownFileType = sourcecode.swift; path = AppDelegate.swift; sourceTree = "<group>"; };
		940F96182F990B8100935B9D /* Base */ = {isa = PBXFileReference; lastKnownFileType = file.storyboard; name = Base; path = Base.lproj/Main.storyboard; sourceTree = "<group>"; };
		940F961A2F990B8100935B9D /* Info.plist */ = {isa = PBXFileReference; lastKnownFileType = text.plist.xml; path = Info.plist; sourceTree = "<group>"; };
		940F961F2F990B8100935B9D /* ColorBlind Filter Extension.appex */ = {isa = PBXFileReference; explicitFileType = "wrapper.app-extension"; includeInIndex = 0; path = "ColorBlind Filter Extension.appex"; sourceTree = BUILT_PRODUCTS_DIR; };
		940F96242F990B8100935B9D /* Info.plist */ = {isa = PBXFileReference; lastKnownFileType = text.plist.xml; path = Info.plist; sourceTree = "<group>"; };
		940F96292F990B8100935B9D /* ColorBlind Filter Extension.appex */ = {isa = PBXFileReference; explicitFileType = "wrapper.app-extension"; includeInIndex = 0; path = "ColorBlind Filter Extension.appex"; sourceTree = BUILT_PRODUCTS_DIR; };
		940F962E2F990B8100935B9D /* Info.plist */ = {isa = PBXFileReference; lastKnownFileType = text.plist.xml; path = Info.plist; sourceTree = "<group>"; };
		940F964E2F990B8200935B9D /* popup.js */ = {isa = PBXFileReference; lastKnownFileType = sourcecode.javascript; name = popup.js; path = ../../../safari/popup.js; sourceTree = "<group>"; };
		940F964F2F990B8200935B9D /* privacy-policy.html */ = {isa = PBXFileReference; lastKnownFileType = text.html; name = "privacy-policy.html"; path = "../../../safari/privacy-policy.html"; sourceTree = "<group>"; };
		940F96502F990B8200935B9D /* popup.html */ = {isa = PBXFileReference; lastKnownFileType = text.html; name = popup.html; path = ../../../safari/popup.html; sourceTree = "<group>"; };
		940F96512F990B8200935B9D /* icons */ = {isa = PBXFileReference; lastKnownFileType = folder; name = icons; path = ../../../safari/icons; sourceTree = "<group>"; };
		940F96522F990B8200935B9D /* manifest.json */ = {isa = PBXFileReference; lastKnownFileType = text.json; name = manifest.json; path = ../../../safari/manifest.json; sourceTree = "<group>"; };
		940F96532F990B8200935B9D /* content.js */ = {isa = PBXFileReference; lastKnownFileType = sourcecode.javascript; name = content.js; path = ../../../safari/content.js; sourceTree = "<group>"; };
/* End PBXFileReference section */

/* Begin PBXFrameworksBuildPhase section */
		940F95FE2F990B8100935B9D /* Frameworks */ = {
			isa = PBXFrameworksBuildPhase;
			buildActionMask = 2147483647;
			files = (
			);
			runOnlyForDeploymentPostprocessing = 0;
		};
		940F96102F990B8100935B9D /* Frameworks */ = {
			isa = PBXFrameworksBuildPhase;
			buildActionMask = 2147483647;
			files = (
			);
			runOnlyForDeploymentPostprocessing = 0;
		};
		940F961C2F990B8100935B9D /* Frameworks */ = {
			isa = PBXFrameworksBuildPhase;
			buildActionMask = 2147483647;
			files = (
			);
			runOnlyForDeploymentPostprocessing = 0;
		};
		940F96262F990B8100935B9D /* Frameworks */ = {
			isa = PBXFrameworksBuildPhase;
			buildActionMask = 2147483647;
			files = (
			);
			runOnlyForDeploymentPostprocessing = 0;
		};
/* End PBXFrameworksBuildPhase section */

/* Begin PBXGroup section */
		940F95ED2F990B7F00935B9D = {
			isa = PBXGroup;
			children = (
				940F95F22F990B8000935B9D /* Shared (App) */,
				940F95FB2F990B8100935B9D /* Shared (Extension) */,
				940F96032F990B8100935B9D /* iOS (App) */,
				940F96142F990B8100935B9D /* macOS (App) */,
				940F96232F990B8100935B9D /* iOS (Extension) */,
				940F962D2F990B8100935B9D /* macOS (Extension) */,
				940F96022F990B8100935B9D /* Products */,
			);
			sourceTree = "<group>";
		};
		940F95F22F990B8000935B9D /* Shared (App) */ = {
			isa = PBXGroup;
			children = (
				940F95F92F990B8000935B9D /* ViewController.swift */,
				940F95FA2F990B8100935B9D /* Assets.xcassets */,
				940F95F32F990B8000935B9D /* Resources */,
			);
			path = "Shared (App)";
			sourceTree = "<group>";
		};
		940F95F32F990B8000935B9D /* Resources */ = {
			isa = PBXGroup;
			children = (
				940F95F42F990B8000935B9D /* Main.html */,
				940F95F62F990B8000935B9D /* Icon.png */,
				940F95F72F990B8000935B9D /* Style.css */,
				940F95F82F990B8000935B9D /* Script.js */,
			);
			path = Resources;
			sourceTree = "<group>";
		};
		940F95FB2F990B8100935B9D /* Shared (Extension) */ = {
			isa = PBXGroup;
			children = (
				940F964D2F990B8200935B9D /* Resources */,
				940F95FC2F990B8100935B9D /* SafariWebExtensionHandler.swift */,
			);
			path = "Shared (Extension)";
			sourceTree = "<group>";
		};
		940F96022F990B8100935B9D /* Products */ = {
			isa = PBXGroup;
			children = (
				940F96012F990B8100935B9D /* ColorBlind Filter.app */,
				940F96132F990B8100935B9D /* ColorBlind Filter.app */,
				940F961F2F990B8100935B9D /* ColorBlind Filter Extension.appex */,
				940F96292F990B8100935B9D /* ColorBlind Filter Extension.appex */,
			);
			name = Products;
			sourceTree = "<group>";
		};
		940F96032F990B8100935B9D /* iOS (App) */ = {
			isa = PBXGroup;
			children = (
				940F96042F990B8100935B9D /* AppDelegate.swift */,
				940F96062F990B8100935B9D /* SceneDelegate.swift */,
				940F96082F990B8100935B9D /* LaunchScreen.storyboard */,
				940F960B2F990B8100935B9D /* Main.storyboard */,
				940F960E2F990B8100935B9D /* Info.plist */,
			);
			path = "iOS (App)";
			sourceTree = "<group>";
		};
		940F96142F990B8100935B9D /* macOS (App) */ = {
			isa = PBXGroup;
			children = (
				940F96152F990B8100935B9D /* AppDelegate.swift */,
				940F96172F990B8100935B9D /* Main.storyboard */,
				940F961A2F990B8100935B9D /* Info.plist */,
			);
			path = "macOS (App)";
			sourceTree = "<group>";
		};
		940F96232F990B8100935B9D /* iOS (Extension) */ = {
			isa = PBXGroup;
			children = (
				940F96242F990B8100935B9D /* Info.plist */,
			);
			path = "iOS (Extension)";
			sourceTree = "<group>";
		};
		940F962D2F990B8100935B9D /* macOS (Extension) */ = {
			isa = PBXGroup;
			children = (
				940F962E2F990B8100935B9D /* Info.plist */,
			);
			path = "macOS (Extension)";
			sourceTree = "<group>";
		};
		940F964D2F990B8200935B9D /* Resources */ = {
			isa = PBXGroup;
			children = (
				940F964E2F990B8200935B9D /* popup.js */,
				940F964F2F990B8200935B9D /* privacy-policy.html */,
				940F96502F990B8200935B9D /* popup.html */,
				940F96512F990B8200935B9D /* icons */,
				940F96522F990B8200935B9D /* manifest.json */,
				940F96532F990B8200935B9D /* content.js */,
			);
			name = Resources;
			path = "Shared (Extension)";
			sourceTree = SOURCE_ROOT;
		};
/* End PBXGroup section */

/* Begin PBXNativeTarget section */
		940F96002F990B8100935B9D /* ColorBlind Filter (iOS) */ = {
			isa = PBXNativeTarget;
			buildConfigurationList = 940F96432F990B8100935B9D /* Build configuration list for PBXNativeTarget "ColorBlind Filter (iOS)" */;
			buildPhases = (
				940F95FD2F990B8100935B9D /* Sources */,
				940F95FE2F990B8100935B9D /* Frameworks */,
				940F95FF2F990B8100935B9D /* Resources */,
				940F96422F990B8100935B9D /* Embed Foundation Extensions */,
			);
			buildRules = (
			);
			dependencies = (
				940F96222F990B8100935B9D /* PBXTargetDependency */,
			);
			name = "ColorBlind Filter (iOS)";
			packageProductDependencies = (
			);
			productName = "ColorBlind Filter (iOS)";
			productReference = 940F96012F990B8100935B9D /* ColorBlind Filter.app */;
			productType = "com.apple.product-type.application";
		};
		940F96122F990B8100935B9D /* ColorBlind Filter (macOS) */ = {
			isa = PBXNativeTarget;
			buildConfigurationList = 940F964A2F990B8100935B9D /* Build configuration list for PBXNativeTarget "ColorBlind Filter (macOS)" */;
			buildPhases = (
				940F960F2F990B8100935B9D /* Sources */,
				940F96102F990B8100935B9D /* Frameworks */,
				940F96112F990B8100935B9D /* Resources */,
				940F96492F990B8100935B9D /* Embed Foundation Extensions */,
			);
			buildRules = (
			);
			dependencies = (
				940F962C2F990B8100935B9D /* PBXTargetDependency */,
			);
			name = "ColorBlind Filter (macOS)";
			packageProductDependencies = (
			);
			productName = "ColorBlind Filter (macOS)";
			productReference = 940F96132F990B8100935B9D /* ColorBlind Filter.app */;
			productType = "com.apple.product-type.application";
		};
		940F961E2F990B8100935B9D /* ColorBlind Filter Extension (iOS) */ = {
			isa = PBXNativeTarget;
			buildConfigurationList = 940F963F2F990B8100935B9D /* Build configuration list for PBXNativeTarget "ColorBlind Filter Extension (iOS)" */;
			buildPhases = (
				940F961B2F990B8100935B9D /* Sources */,
				940F961C2F990B8100935B9D /* Frameworks */,
				940F961D2F990B8100935B9D /* Resources */,
			);
			buildRules = (
			);
			dependencies = (
			);
			name = "ColorBlind Filter Extension (iOS)";
			packageProductDependencies = (
			);
			productName = "ColorBlind Filter Extension (iOS)";
			productReference = 940F961F2F990B8100935B9D /* ColorBlind Filter Extension.appex */;
			productType = "com.apple.product-type.app-extension";
		};
		940F96282F990B8100935B9D /* ColorBlind Filter Extension (macOS) */ = {
			isa = PBXNativeTarget;
			buildConfigurationList = 940F96462F990B8100935B9D /* Build configuration list for PBXNativeTarget "ColorBlind Filter Extension (macOS)" */;
			buildPhases = (
				940F96252F990B8100935B9D /* Sources */,
				940F96262F990B8100935B9D /* Frameworks */,
				940F96272F990B8100935B9D /* Resources */,
			);
			buildRules = (
			);
			dependencies = (
			);
			name = "ColorBlind Filter Extension (macOS)";
			packageProductDependencies = (
			);
			productName = "ColorBlind Filter Extension (macOS)";
			productReference = 940F96292F990B8100935B9D /* ColorBlind Filter Extension.appex */;
			productType = "com.apple.product-type.app-extension";
		};
/* End PBXNativeTarget section */

/* Begin PBXProject section */
		940F95EE2F990B7F00935B9D /* Project object */ = {
			isa = PBXProject;
			attributes = {
				BuildIndependentTargetsInParallel = 1;
				LastSwiftUpdateCheck = 2640;
				LastUpgradeCheck = 2640;
				TargetAttributes = {
					940F96002F990B8100935B9D = {
						CreatedOnToolsVersion = 26.4.1;
					};
					940F96122F990B8100935B9D = {
						CreatedOnToolsVersion = 26.4.1;
					};
					940F961E2F990B8100935B9D = {
						CreatedOnToolsVersion = 26.4.1;
					};
					940F96282F990B8100935B9D = {
						CreatedOnToolsVersion = 26.4.1;
					};
				};
			};
			buildConfigurationList = 940F95F12F990B7F00935B9D /* Build configuration list for PBXProject "ColorBlind Filter" */;
			developmentRegion = en;
			hasScannedForEncodings = 0;
			knownRegions = (
				en,
				Base,
			);
			mainGroup = 940F95ED2F990B7F00935B9D;
			minimizedProjectReferenceProxies = 1;
			preferredProjectObjectVersion = 77;
			productRefGroup = 940F96022F990B8100935B9D /* Products */;
			projectDirPath = "";
			projectRoot = "";
			targets = (
				940F96002F990B8100935B9D /* ColorBlind Filter (iOS) */,
				940F96122F990B8100935B9D /* ColorBlind Filter (macOS) */,
				940F961E2F990B8100935B9D /* ColorBlind Filter Extension (iOS) */,
				940F96282F990B8100935B9D /* ColorBlind Filter Extension (macOS) */,
			);
		};
/* End PBXProject section */

/* Begin PBXResourcesBuildPhase section */
		940F95FF2F990B8100935B9D /* Resources */ = {
			isa = PBXResourcesBuildPhase;
			buildActionMask = 2147483647;
			files = (
				940F96312F990B8100935B9D /* Icon.png in Resources */,
				940F960A2F990B8100935B9D /* LaunchScreen.storyboard in Resources */,
				940F962F2F990B8100935B9D /* Main.html in Resources */,
				940F96352F990B8100935B9D /* Script.js in Resources */,
				940F96392F990B8100935B9D /* Assets.xcassets in Resources */,
				940F960D2F990B8100935B9D /* Main.storyboard in Resources */,
				940F96332F990B8100935B9D /* Style.css in Resources */,
			);
			runOnlyForDeploymentPostprocessing = 0;
		};
		940F96112F990B8100935B9D /* Resources */ = {
			isa = PBXResourcesBuildPhase;
			buildActionMask = 2147483647;
			files = (
				940F96322F990B8100935B9D /* Icon.png in Resources */,
				940F96342F990B8100935B9D /* Style.css in Resources */,
				940F96192F990B8100935B9D /* Main.storyboard in Resources */,
				940F96362F990B8100935B9D /* Script.js in Resources */,
				940F963A2F990B8100935B9D /* Assets.xcassets in Resources */,
				940F96302F990B8100935B9D /* Main.html in Resources */,
			);
			runOnlyForDeploymentPostprocessing = 0;
		};
		940F961D2F990B8100935B9D /* Resources */ = {
			isa = PBXResourcesBuildPhase;
			buildActionMask = 2147483647;
			files = (
				940F965F2F990B8200935B9D /* content.js in Resources */,
				940F965A2F990B8200935B9D /* popup.js in Resources */,
				940F965D2F990B8200935B9D /* icons in Resources */,
				940F965E2F990B8200935B9D /* manifest.json in Resources */,
				940F965C2F990B8200935B9D /* popup.html in Resources */,
				940F965B2F990B8200935B9D /* privacy-policy.html in Resources */,
			);
			runOnlyForDeploymentPostprocessing = 0;
		};
		940F96272F990B8100935B9D /* Resources */ = {
			isa = PBXResourcesBuildPhase;
			buildActionMask = 2147483647;
			files = (
				940F96592F990B8200935B9D /* content.js in Resources */,
				940F96542F990B8200935B9D /* popup.js in Resources */,
				940F96572F990B8200935B9D /* icons in Resources */,
				940F96582F990B8200935B9D /* manifest.json in Resources */,
				940F96562F990B8200935B9D /* popup.html in Resources */,
				940F96552F990B8200935B9D /* privacy-policy.html in Resources */,
			);
			runOnlyForDeploymentPostprocessing = 0;
		};
/* End PBXResourcesBuildPhase section */

/* Begin PBXSourcesBuildPhase section */
		940F95FD2F990B8100935B9D /* Sources */ = {
			isa = PBXSourcesBuildPhase;
			buildActionMask = 2147483647;
			files = (
				940F96372F990B8100935B9D /* ViewController.swift in Sources */,
				940F96052F990B8100935B9D /* AppDelegate.swift in Sources */,
				940F96072F990B8100935B9D /* SceneDelegate.swift in Sources */,
			);
			runOnlyForDeploymentPostprocessing = 0;
		};
		940F960F2F990B8100935B9D /* Sources */ = {
			isa = PBXSourcesBuildPhase;
			buildActionMask = 2147483647;
			files = (
				940F96382F990B8100935B9D /* ViewController.swift in Sources */,
				940F96162F990B8100935B9D /* AppDelegate.swift in Sources */,
			);
			runOnlyForDeploymentPostprocessing = 0;
		};
		940F961B2F990B8100935B9D /* Sources */ = {
			isa = PBXSourcesBuildPhase;
			buildActionMask = 2147483647;
			files = (
				940F963B2F990B8100935B9D /* SafariWebExtensionHandler.swift in Sources */,
			);
			runOnlyForDeploymentPostprocessing = 0;
		};
		940F96252F990B8100935B9D /* Sources */ = {
			isa = PBXSourcesBuildPhase;
			buildActionMask = 2147483647;
			files = (
				940F963C2F990B8100935B9D /* SafariWebExtensionHandler.swift in Sources */,
			);
			runOnlyForDeploymentPostprocessing = 0;
		};
/* End PBXSourcesBuildPhase section */

/* Begin PBXTargetDependency section */
		940F96222F990B8100935B9D /* PBXTargetDependency */ = {
			isa = PBXTargetDependency;
			target = 940F961E2F990B8100935B9D /* ColorBlind Filter Extension (iOS) */;
			targetProxy = 940F96212F990B8100935B9D /* PBXContainerItemProxy */;
		};
		940F962C2F990B8100935B9D /* PBXTargetDependency */ = {
			isa = PBXTargetDependency;
			target = 940F96282F990B8100935B9D /* ColorBlind Filter Extension (macOS) */;
			targetProxy = 940F962B2F990B8100935B9D /* PBXContainerItemProxy */;
		};
/* End PBXTargetDependency section */

/* Begin PBXVariantGroup section */
		940F95F42F990B8000935B9D /* Main.html */ = {
			isa = PBXVariantGroup;
			children = (
				940F95F52F990B8000935B9D /* Base */,
			);
			name = Main.html;
			sourceTree = "<group>";
		};
		940F96082F990B8100935B9D /* LaunchScreen.storyboard */ = {
			isa = PBXVariantGroup;
			children = (
				940F96092F990B8100935B9D /* Base */,
			);
			name = LaunchScreen.storyboard;
			sourceTree = "<group>";
		};
		940F960B2F990B8100935B9D /* Main.storyboard */ = {
			isa = PBXVariantGroup;
			children = (
				940F960C2F990B8100935B9D /* Base */,
			);
			name = Main.storyboard;
			sourceTree = "<group>";
		};
		940F96172F990B8100935B9D /* Main.storyboard */ = {
			isa = PBXVariantGroup;
			children = (
				940F96182F990B8100935B9D /* Base */,
			);
			name = Main.storyboard;
			sourceTree = "<group>";
		};
/* End PBXVariantGroup section */

/* Begin XCBuildConfiguration section */
		940F963D2F990B8100935B9D /* Debug */ = {
			isa = XCBuildConfiguration;
			buildSettings = {
				ALWAYS_SEARCH_USER_PATHS = NO;
				ASSETCATALOG_COMPILER_GENERATE_SWIFT_ASSET_SYMBOL_EXTENSIONS = YES;
				CLANG_ANALYZER_NONNULL = YES;
				CLANG_ANALYZER_NUMBER_OBJECT_CONVERSION = YES_AGGRESSIVE;
				CLANG_CXX_LANGUAGE_STANDARD = "gnu++20";
				CLANG_ENABLE_MODULES = YES;
				CLANG_ENABLE_OBJC_ARC = YES;
				CLANG_ENABLE_OBJC_WEAK = YES;
				CLANG_WARN_BLOCK_CAPTURE_AUTORELEASING = YES;
				CLANG_WARN_BOOL_CONVERSION = YES;
				CLANG_WARN_COMMA = YES;
				CLANG_WARN_CONSTANT_CONVERSION = YES;
				CLANG_WARN_DEPRECATED_OBJC_IMPLEMENTATIONS = YES;
				CLANG_WARN_DIRECT_OBJC_ISA_USAGE = YES_ERROR;
				CLANG_WARN_DOCUMENTATION_COMMENTS = YES;
				CLANG_WARN_EMPTY_BODY = YES;
				CLANG_WARN_ENUM_CONVERSION = YES;
				CLANG_WARN_INFINITE_RECURSION = YES;
				CLANG_WARN_INT_CONVERSION = YES;
				CLANG_WARN_NON_LITERAL_NULL_CONVERSION = YES;
				CLANG_WARN_OBJC_IMPLICIT_RETAIN_SELF = YES;
				CLANG_WARN_OBJC_LITERAL_CONVERSION = YES;
				CLANG_WARN_OBJC_ROOT_CLASS = YES_ERROR;
				CLANG_WARN_QUOTED_INCLUDE_IN_FRAMEWORK_HEADER = YES;
				CLANG_WARN_RANGE_LOOP_ANALYSIS = YES;
				CLANG_WARN_STRICT_PROTOTYPES = YES;
				CLANG_WARN_SUSPICIOUS_MOVE = YES;
				CLANG_WARN_UNGUARDED_AVAILABILITY = YES_AGGRESSIVE;
				CLANG_WARN_UNREACHABLE_CODE = YES;
				CLANG_WARN__DUPLICATE_METHOD_MATCH = YES;
				COPY_PHASE_STRIP = NO;
				DEBUG_INFORMATION_FORMAT = dwarf;
				ENABLE_STRICT_OBJC_MSGSEND = YES;
				ENABLE_TESTABILITY = YES;
				ENABLE_USER_SCRIPT_SANDBOXING = YES;
				GCC_C_LANGUAGE_STANDARD = gnu17;
				GCC_DYNAMIC_NO_PIC = NO;
				GCC_NO_COMMON_BLOCKS = YES;
				GCC_OPTIMIZATION_LEVEL = 0;
				GCC_PREPROCESSOR_DEFINITIONS = (
					"DEBUG=1",
					"$(inherited)",
				);
				GCC_WARN_64_TO_32_BIT_CONVERSION = YES;
				GCC_WARN_ABOUT_RETURN_TYPE = YES_ERROR;
				GCC_WARN_UNDECLARED_SELECTOR = YES;
				GCC_WARN_UNINITIALIZED_AUTOS = YES_AGGRESSIVE;
				GCC_WARN_UNUSED_FUNCTION = YES;
				GCC_WARN_UNUSED_VARIABLE = YES;
				LOCALIZATION_PREFERS_STRING_CATALOGS = YES;
				MTL_ENABLE_DEBUG_INFO = INCLUDE_SOURCE;
				MTL_FAST_MATH = YES;
				ONLY_ACTIVE_ARCH = YES;
				SWIFT_ACTIVE_COMPILATION_CONDITIONS = "DEBUG $(inherited)";
				SWIFT_OPTIMIZATION_LEVEL = "-Onone";
			};
			name = Debug;
		};
		940F963E2F990B8100935B9D /* Release */ = {
			isa = XCBuildConfiguration;
			buildSettings = {
				ALWAYS_SEARCH_USER_PATHS = NO;
				ASSETCATALOG_COMPILER_GENERATE_SWIFT_ASSET_SYMBOL_EXTENSIONS = YES;
				CLANG_ANALYZER_NONNULL = YES;
				CLANG_ANALYZER_NUMBER_OBJECT_CONVERSION = YES_AGGRESSIVE;
				CLANG_CXX_LANGUAGE_STANDARD = "gnu++20";
				CLANG_ENABLE_MODULES = YES;
				CLANG_ENABLE_OBJC_ARC = YES;
				CLANG_ENABLE_OBJC_WEAK = YES;
				CLANG_WARN_BLOCK_CAPTURE_AUTORELEASING = YES;
				CLANG_WARN_BOOL_CONVERSION = YES;
				CLANG_WARN_COMMA = YES;
				CLANG_WARN_CONSTANT_CONVERSION = YES;
				CLANG_WARN_DEPRECATED_OBJC_IMPLEMENTATIONS = YES;
				CLANG_WARN_DIRECT_OBJC_ISA_USAGE = YES_ERROR;
				CLANG_WARN_DOCUMENTATION_COMMENTS = YES;
				CLANG_WARN_EMPTY_BODY = YES;
				CLANG_WARN_ENUM_CONVERSION = YES;
				CLANG_WARN_INFINITE_RECURSION = YES;
				CLANG_WARN_INT_CONVERSION = YES;
				CLANG_WARN_NON_LITERAL_NULL_CONVERSION = YES;
				CLANG_WARN_OBJC_IMPLICIT_RETAIN_SELF = YES;
				CLANG_WARN_OBJC_LITERAL_CONVERSION = YES;
				CLANG_WARN_OBJC_ROOT_CLASS = YES_ERROR;
				CLANG_WARN_QUOTED_INCLUDE_IN_FRAMEWORK_HEADER = YES;
				CLANG_WARN_RANGE_LOOP_ANALYSIS = YES;
				CLANG_WARN_STRICT_PROTOTYPES = YES;
				CLANG_WARN_SUSPICIOUS_MOVE = YES;
				CLANG_WARN_UNGUARDED_AVAILABILITY = YES_AGGRESSIVE;
				CLANG_WARN_UNREACHABLE_CODE = YES;
				CLANG_WARN__DUPLICATE_METHOD_MATCH = YES;
				COPY_PHASE_STRIP = NO;
				DEBUG_INFORMATION_FORMAT = "dwarf-with-dsym";
				ENABLE_NS_ASSERTIONS = NO;
				ENABLE_STRICT_OBJC_MSGSEND = YES;
				ENABLE_USER_SCRIPT_SANDBOXING = YES;
				GCC_C_LANGUAGE_STANDARD = gnu17;
				GCC_NO_COMMON_BLOCKS = YES;
				GCC_WARN_64_TO_32_BIT_CONVERSION = YES;
				GCC_WARN_ABOUT_RETURN_TYPE = YES_ERROR;
				GCC_WARN_UNDECLARED_SELECTOR = YES;
				GCC_WARN_UNINITIALIZED_AUTOS = YES_AGGRESSIVE;
				GCC_WARN_UNUSED_FUNCTION = YES;
				GCC_WARN_UNUSED_VARIABLE = YES;
				LOCALIZATION_PREFERS_STRING_CATALOGS = YES;
				MTL_ENABLE_DEBUG_INFO = NO;
				MTL_FAST_MATH = YES;
				SWIFT_COMPILATION_MODE = wholemodule;
			};
			name = Release;
		};
		940F96402F990B8100935B9D /* Debug */ = {
			isa = XCBuildConfiguration;
			buildSettings = {
				CODE_SIGN_STYLE = Automatic;
				CURRENT_PROJECT_VERSION = 1;
				GENERATE_INFOPLIST_FILE = YES;
				INFOPLIST_FILE = "iOS (Extension)/Info.plist";
				INFOPLIST_KEY_CFBundleDisplayName = "ColorBlind Filter Extension";
				INFOPLIST_KEY_NSHumanReadableCopyright = "";
				IPHONEOS_DEPLOYMENT_TARGET = 15.0;
				LD_RUNPATH_SEARCH_PATHS = (
					"$(inherited)",
					"@executable_path/Frameworks",
					"@executable_path/../../Frameworks",
				);
				MARKETING_VERSION = 1.0;
				OTHER_LDFLAGS = (
					"-framework",
					SafariServices,
				);
				PRODUCT_BUNDLE_IDENTIFIER = "com.yourCompany.ColorBlind-Filter.Extension";
				PRODUCT_NAME = "ColorBlind Filter Extension";
				SDKROOT = iphoneos;
				SKIP_INSTALL = YES;
				STRING_CATALOG_GENERATE_SYMBOLS = YES;
				SWIFT_APPROACHABLE_CONCURRENCY = YES;
				SWIFT_EMIT_LOC_STRINGS = YES;
				SWIFT_UPCOMING_FEATURE_MEMBER_IMPORT_VISIBILITY = YES;
				SWIFT_VERSION = 5.0;
				TARGETED_DEVICE_FAMILY = "1,2";
			};
			name = Debug;
		};
		940F96412F990B8100935B9D /* Release */ = {
			isa = XCBuildConfiguration;
			buildSettings = {
				CODE_SIGN_STYLE = Automatic;
				CURRENT_PROJECT_VERSION = 1;
				GENERATE_INFOPLIST_FILE = YES;
				INFOPLIST_FILE = "iOS (Extension)/Info.plist";
				INFOPLIST_KEY_CFBundleDisplayName = "ColorBlind Filter Extension";
				INFOPLIST_KEY_NSHumanReadableCopyright = "";
				IPHONEOS_DEPLOYMENT_TARGET = 15.0;
				LD_RUNPATH_SEARCH_PATHS = (
					"$(inherited)",
					"@executable_path/Frameworks",
					"@executable_path/../../Frameworks",
				);
				MARKETING_VERSION = 1.0;
				OTHER_LDFLAGS = (
					"-framework",
					SafariServices,
				);
				PRODUCT_BUNDLE_IDENTIFIER = "com.yourCompany.ColorBlind-Filter.Extension";
				PRODUCT_NAME = "ColorBlind Filter Extension";
				SDKROOT = iphoneos;
				SKIP_INSTALL = YES;
				STRING_CATALOG_GENERATE_SYMBOLS = YES;
				SWIFT_APPROACHABLE_CONCURRENCY = YES;
				SWIFT_EMIT_LOC_STRINGS = YES;
				SWIFT_UPCOMING_FEATURE_MEMBER_IMPORT_VISIBILITY = YES;
				SWIFT_VERSION = 5.0;
				TARGETED_DEVICE_FAMILY = "1,2";
				VALIDATE_PRODUCT = YES;
			};
			name = Release;
		};
		940F96442F990B8100935B9D /* Debug */ = {
			isa = XCBuildConfiguration;
			buildSettings = {
				ASSETCATALOG_COMPILER_APPICON_NAME = AppIcon;
				ASSETCATALOG_COMPILER_GLOBAL_ACCENT_COLOR_NAME = AccentColor;
				CODE_SIGN_STYLE = Automatic;
				CURRENT_PROJECT_VERSION = 1;
				GENERATE_INFOPLIST_FILE = YES;
				INFOPLIST_FILE = "iOS (App)/Info.plist";
				INFOPLIST_KEY_CFBundleDisplayName = "ColorBlind Filter";
				INFOPLIST_KEY_UIApplicationSupportsIndirectInputEvents = YES;
				INFOPLIST_KEY_UILaunchStoryboardName = LaunchScreen;
				INFOPLIST_KEY_UIMainStoryboardFile = Main;
				INFOPLIST_KEY_UISupportedInterfaceOrientations = "UIInterfaceOrientationPortrait UIInterfaceOrientationLandscapeLeft UIInterfaceOrientationLandscapeRight";
				INFOPLIST_KEY_UISupportedInterfaceOrientations_iPad = "UIInterfaceOrientationPortrait UIInterfaceOrientationPortraitUpsideDown UIInterfaceOrientationLandscapeLeft UIInterfaceOrientationLandscapeRight";
				IPHONEOS_DEPLOYMENT_TARGET = 15.0;
				LD_RUNPATH_SEARCH_PATHS = (
					"$(inherited)",
					"@executable_path/Frameworks",
				);
				MARKETING_VERSION = 1.0;
				OTHER_LDFLAGS = (
					"-framework",
					SafariServices,
					"-framework",
					WebKit,
				);
				PRODUCT_BUNDLE_IDENTIFIER = "com.yourCompany.ColorBlind-Filter";
				PRODUCT_NAME = "ColorBlind Filter";
				SDKROOT = iphoneos;
				STRING_CATALOG_GENERATE_SYMBOLS = YES;
				SWIFT_APPROACHABLE_CONCURRENCY = YES;
				SWIFT_DEFAULT_ACTOR_ISOLATION = MainActor;
				SWIFT_EMIT_LOC_STRINGS = YES;
				SWIFT_UPCOMING_FEATURE_MEMBER_IMPORT_VISIBILITY = YES;
				SWIFT_VERSION = 5.0;
				TARGETED_DEVICE_FAMILY = "1,2";
			};
			name = Debug;
		};
		940F96452F990B8100935B9D /* Release */ = {
			isa = XCBuildConfiguration;
			buildSettings = {
				ASSETCATALOG_COMPILER_APPICON_NAME = AppIcon;
				ASSETCATALOG_COMPILER_GLOBAL_ACCENT_COLOR_NAME = AccentColor;
				CODE_SIGN_STYLE = Automatic;
				CURRENT_PROJECT_VERSION = 1;
				GENERATE_INFOPLIST_FILE = YES;
				INFOPLIST_FILE = "iOS (App)/Info.plist";
				INFOPLIST_KEY_CFBundleDisplayName = "ColorBlind Filter";
				INFOPLIST_KEY_UIApplicationSupportsIndirectInputEvents = YES;
				INFOPLIST_KEY_UILaunchStoryboardName = LaunchScreen;
				INFOPLIST_KEY_UIMainStoryboardFile = Main;
				INFOPLIST_KEY_UISupportedInterfaceOrientations = "UIInterfaceOrientationPortrait UIInterfaceOrientationLandscapeLeft UIInterfaceOrientationLandscapeRight";
				INFOPLIST_KEY_UISupportedInterfaceOrientations_iPad = "UIInterfaceOrientationPortrait UIInterfaceOrientationPortraitUpsideDown UIInterfaceOrientationLandscapeLeft UIInterfaceOrientationLandscapeRight";
				IPHONEOS_DEPLOYMENT_TARGET = 15.0;
				LD_RUNPATH_SEARCH_PATHS = (
					"$(inherited)",
					"@executable_path/Frameworks",
				);
				MARKETING_VERSION = 1.0;
				OTHER_LDFLAGS = (
					"-framework",
					SafariServices,
					"-framework",
					WebKit,
				);
				PRODUCT_BUNDLE_IDENTIFIER = "com.yourCompany.ColorBlind-Filter";
				PRODUCT_NAME = "ColorBlind Filter";
				SDKROOT = iphoneos;
				STRING_CATALOG_GENERATE_SYMBOLS = YES;
				SWIFT_APPROACHABLE_CONCURRENCY = YES;
				SWIFT_DEFAULT_ACTOR_ISOLATION = MainActor;
				SWIFT_EMIT_LOC_STRINGS = YES;
				SWIFT_UPCOMING_FEATURE_MEMBER_IMPORT_VISIBILITY = YES;
				SWIFT_VERSION = 5.0;
				TARGETED_DEVICE_FAMILY = "1,2";
				VALIDATE_PRODUCT = YES;
			};
			name = Release;
		};
		940F96472F990B8100935B9D /* Debug */ = {
			isa = XCBuildConfiguration;
			buildSettings = {
				CODE_SIGN_STYLE = Automatic;
				CURRENT_PROJECT_VERSION = 1;
				ENABLE_APP_SANDBOX = YES;
				ENABLE_HARDENED_RUNTIME = YES;
				ENABLE_USER_SELECTED_FILES = readonly;
				GENERATE_INFOPLIST_FILE = YES;
				INFOPLIST_FILE = "macOS (Extension)/Info.plist";
				INFOPLIST_KEY_CFBundleDisplayName = "ColorBlind Filter Extension";
				INFOPLIST_KEY_NSHumanReadableCopyright = "";
				LD_RUNPATH_SEARCH_PATHS = (
					"$(inherited)",
					"@executable_path/../Frameworks",
					"@executable_path/../../../../Frameworks",
				);
				MACOSX_DEPLOYMENT_TARGET = 10.14;
				MARKETING_VERSION = 1.0;
				OTHER_LDFLAGS = (
					"-framework",
					SafariServices,
				);
				PRODUCT_BUNDLE_IDENTIFIER = "com.yourCompany.ColorBlind-Filter.Extension";
				PRODUCT_NAME = "ColorBlind Filter Extension";
				SDKROOT = macosx;
				SKIP_INSTALL = YES;
				STRING_CATALOG_GENERATE_SYMBOLS = YES;
				SWIFT_APPROACHABLE_CONCURRENCY = YES;
				SWIFT_EMIT_LOC_STRINGS = YES;
				SWIFT_UPCOMING_FEATURE_MEMBER_IMPORT_VISIBILITY = YES;
				SWIFT_VERSION = 5.0;
			};
			name = Debug;
		};
		940F96482F990B8100935B9D /* Release */ = {
			isa = XCBuildConfiguration;
			buildSettings = {
				CODE_SIGN_STYLE = Automatic;
				CURRENT_PROJECT_VERSION = 1;
				ENABLE_APP_SANDBOX = YES;
				ENABLE_HARDENED_RUNTIME = YES;
				ENABLE_USER_SELECTED_FILES = readonly;
				GENERATE_INFOPLIST_FILE = YES;
				INFOPLIST_FILE = "macOS (Extension)/Info.plist";
				INFOPLIST_KEY_CFBundleDisplayName = "ColorBlind Filter Extension";
				INFOPLIST_KEY_NSHumanReadableCopyright = "";
				LD_RUNPATH_SEARCH_PATHS = (
					"$(inherited)",
					"@executable_path/../Frameworks",
					"@executable_path/../../../../Frameworks",
				);
				MACOSX_DEPLOYMENT_TARGET = 10.14;
				MARKETING_VERSION = 1.0;
				OTHER_LDFLAGS = (
					"-framework",
					SafariServices,
				);
				PRODUCT_BUNDLE_IDENTIFIER = "com.yourCompany.ColorBlind-Filter.Extension";
				PRODUCT_NAME = "ColorBlind Filter Extension";
				SDKROOT = macosx;
				SKIP_INSTALL = YES;
				STRING_CATALOG_GENERATE_SYMBOLS = YES;
				SWIFT_APPROACHABLE_CONCURRENCY = YES;
				SWIFT_EMIT_LOC_STRINGS = YES;
				SWIFT_UPCOMING_FEATURE_MEMBER_IMPORT_VISIBILITY = YES;
				SWIFT_VERSION = 5.0;
			};
			name = Release;
		};
		940F964B2F990B8100935B9D /* Debug */ = {
			isa = XCBuildConfiguration;
			buildSettings = {
				ASSETCATALOG_COMPILER_APPICON_NAME = AppIcon;
				ASSETCATALOG_COMPILER_GLOBAL_ACCENT_COLOR_NAME = AccentColor;
				CODE_SIGN_STYLE = Automatic;
				CURRENT_PROJECT_VERSION = 1;
				ENABLE_APP_SANDBOX = YES;
				ENABLE_HARDENED_RUNTIME = YES;
				ENABLE_OUTGOING_NETWORK_CONNECTIONS = YES;
				ENABLE_USER_SELECTED_FILES = readonly;
				GENERATE_INFOPLIST_FILE = YES;
				INFOPLIST_FILE = "macOS (App)/Info.plist";
				INFOPLIST_KEY_CFBundleDisplayName = "ColorBlind Filter";
				INFOPLIST_KEY_NSMainStoryboardFile = Main;
				INFOPLIST_KEY_NSPrincipalClass = NSApplication;
				LD_RUNPATH_SEARCH_PATHS = (
					"$(inherited)",
					"@executable_path/../Frameworks",
				);
				MACOSX_DEPLOYMENT_TARGET = 10.14;
				MARKETING_VERSION = 1.0;
				OTHER_LDFLAGS = (
					"-framework",
					SafariServices,
					"-framework",
					WebKit,
				);
				PRODUCT_BUNDLE_IDENTIFIER = "com.yourCompany.ColorBlind-Filter";
				PRODUCT_NAME = "ColorBlind Filter";
				REGISTER_APP_GROUPS = YES;
				SDKROOT = macosx;
				STRING_CATALOG_GENERATE_SYMBOLS = YES;
				SWIFT_APPROACHABLE_CONCURRENCY = YES;
				SWIFT_DEFAULT_ACTOR_ISOLATION = MainActor;
				SWIFT_EMIT_LOC_STRINGS = YES;
				SWIFT_UPCOMING_FEATURE_MEMBER_IMPORT_VISIBILITY = YES;
				SWIFT_VERSION = 5.0;
			};
			name = Debug;
		};
		940F964C2F990B8100935B9D /* Release */ = {
			isa = XCBuildConfiguration;
			buildSettings = {
				ASSETCATALOG_COMPILER_APPICON_NAME = AppIcon;
				ASSETCATALOG_COMPILER_GLOBAL_ACCENT_COLOR_NAME = AccentColor;
				CODE_SIGN_STYLE = Automatic;
				CURRENT_PROJECT_VERSION = 1;
				ENABLE_APP_SANDBOX = YES;
				ENABLE_HARDENED_RUNTIME = YES;
				ENABLE_OUTGOING_NETWORK_CONNECTIONS = YES;
				ENABLE_USER_SELECTED_FILES = readonly;
				GENERATE_INFOPLIST_FILE = YES;
				INFOPLIST_FILE = "macOS (App)/Info.plist";
				INFOPLIST_KEY_CFBundleDisplayName = "ColorBlind Filter";
				INFOPLIST_KEY_NSMainStoryboardFile = Main;
				INFOPLIST_KEY_NSPrincipalClass = NSApplication;
				LD_RUNPATH_SEARCH_PATHS = (
					"$(inherited)",
					"@executable_path/../Frameworks",
				);
				MACOSX_DEPLOYMENT_TARGET = 10.14;
				MARKETING_VERSION = 1.0;
				OTHER_LDFLAGS = (
					"-framework",
					SafariServices,
					"-framework",
					WebKit,
				);
				PRODUCT_BUNDLE_IDENTIFIER = "com.yourCompany.ColorBlind-Filter";
				PRODUCT_NAME = "ColorBlind Filter";
				REGISTER_APP_GROUPS = YES;
				SDKROOT = macosx;
				STRING_CATALOG_GENERATE_SYMBOLS = YES;
				SWIFT_APPROACHABLE_CONCURRENCY = YES;
				SWIFT_DEFAULT_ACTOR_ISOLATION = MainActor;
				SWIFT_EMIT_LOC_STRINGS = YES;
				SWIFT_UPCOMING_FEATURE_MEMBER_IMPORT_VISIBILITY = YES;
				SWIFT_VERSION = 5.0;
			};
			name = Release;
		};
/* End XCBuildConfiguration section */

/* Begin XCConfigurationList section */
		940F95F12F990B7F00935B9D /* Build configuration list for PBXProject "ColorBlind Filter" */ = {
			isa = XCConfigurationList;
			buildConfigurations = (
				940F963D2F990B8100935B9D /* Debug */,
				940F963E2F990B8100935B9D /* Release */,
			);
			defaultConfigurationIsVisible = 0;
			defaultConfigurationName = Release;
		};
		940F963F2F990B8100935B9D /* Build configuration list for PBXNativeTarget "ColorBlind Filter Extension (iOS)" */ = {
			isa = XCConfigurationList;
			buildConfigurations = (
				940F96402F990B8100935B9D /* Debug */,
				940F96412F990B8100935B9D /* Release */,
			);
			defaultConfigurationIsVisible = 0;
			defaultConfigurationName = Release;
		};
		940F96432F990B8100935B9D /* Build configuration list for PBXNativeTarget "ColorBlind Filter (iOS)" */ = {
			isa = XCConfigurationList;
			buildConfigurations = (
				940F96442F990B8100935B9D /* Debug */,
				940F96452F990B8100935B9D /* Release */,
			);
			defaultConfigurationIsVisible = 0;
			defaultConfigurationName = Release;
		};
		940F96462F990B8100935B9D /* Build configuration list for PBXNativeTarget "ColorBlind Filter Extension (macOS)" */ = {
			isa = XCConfigurationList;
			buildConfigurations = (
				940F96472F990B8100935B9D /* Debug */,
				940F96482F990B8100935B9D /* Release */,
			);
			defaultConfigurationIsVisible = 0;
			defaultConfigurationName = Release;
		};
		940F964A2F990B8100935B9D /* Build configuration list for PBXNativeTarget "ColorBlind Filter (macOS)" */ = {
			isa = XCConfigurationList;
			buildConfigurations = (
				940F964B2F990B8100935B9D /* Debug */,
				940F964C2F990B8100935B9D /* Release */,
			);
			defaultConfigurationIsVisible = 0;
			defaultConfigurationName = Release;
		};
/* End XCConfigurationList section */
	};
	rootObject = 940F95EE2F990B7F00935B9D /* Project object */;
}
